
Microsoft Visual Studio Solution File, Format Version 12.00
Project("{2150E333-8FDC-42A3-9474-1A3956D46DE8}") = "Src", "Src", "{2074959B-7119-4B07-9B5D-82099C4CDD83}"
EndProject
Project("{2150E333-8FDC-42A3-9474-1A3956D46DE8}") = "Tests", "Tests", "{9564266D-1B8D-4BA2-8000-4A2FBE7F5E25}"
EndProject
Project("{FAE04EC0-301F-11D3-BF4B-00C04F79EFBC}") = "Domain", "Domain\Domain.csproj", "{336B9DAB-D99A-499B-866E-8C816F79FC5A}"
EndProject
Project("{FAE04EC0-301F-11D3-BF4B-00C04F79EFBC}") = "Application", "Application\Application.csproj", "{A309EAFC-7F20-458E-9ADA-0B1563CDF840}"
EndProject
Project("{FAE04EC0-301F-11D3-BF4B-00C04F79EFBC}") = "Infrastructure", "Infrastructure\Infrastructure.csproj", "{1D2C9EE5-CA18-46E7-8909-744E2D294239}"
EndProject
Project("{FAE04EC0-301F-11D3-BF4B-00C04F79EFBC}") = "Api", "Api\Api.csproj", "{C71F64C2-08D9-4BBD-8CC5-353E8487E81F}"
EndProject
Project("{FAE04EC0-301F-11D3-BF4B-00C04F79EFBC}") = "Api.Tests.Integration", "Api.Tests.Integration\Api.Tests.Integration.csproj", "{982E0B36-A633-418C-8D97-F0D48E89B650}"
EndProject
Project("{FAE04EC0-301F-11D3-BF4B-00C04F79EFBC}") = "Tests.Common", "Tests.Common\Tests.Common.csproj", "{464F4A80-9034-47DA-AADA-928E09EA5B87}"
EndProject
Project("{FAE04EC0-301F-11D3-BF4B-00C04F79EFBC}") = "Tests.Data", "Tests.Data\Tests.Data.csproj", "{0457DDBE-EFBB-4A68-AFA2-6E781EA8CB31}"
EndProject
Global
	GlobalSection(SolutionConfigurationPlatforms) = preSolution
		Debug|Any CPU = Debug|Any CPU
		Release|Any CPU = Release|Any CPU
	EndGlobalSection
	GlobalSection(NestedProjects) = preSolution
		{336B9DAB-D99A-499B-866E-8C816F79FC5A} = {2074959B-7119-4B07-9B5D-82099C4CDD83}
		{A309EAFC-7F20-458E-9ADA-0B1563CDF840} = {2074959B-7119-4B07-9B5D-82099C4CDD83}
		{1D2C9EE5-CA18-46E7-8909-744E2D294239} = {2074959B-7119-4B07-9B5D-82099C4CDD83}
		{C71F64C2-08D9-4BBD-8CC5-353E8487E81F} = {2074959B-7119-4B07-9B5D-82099C4CDD83}
		{982E0B36-A633-418C-8D97-F0D48E89B650} = {9564266D-1B8D-4BA2-8000-4A2FBE7F5E25}
		{464F4A80-9034-47DA-AADA-928E09EA5B87} = {9564266D-1B8D-4BA2-8000-4A2FBE7F5E25}
		{0457DDBE-EFBB-4A68-AFA2-6E781EA8CB31} = {9564266D-1B8D-4BA2-8000-4A2FBE7F5E25}
	EndGlobalSection
	GlobalSection(ProjectConfigurationPlatforms) = postSolution
		{336B9DAB-D99A-499B-866E-8C816F79FC5A}.Debug|Any CPU.ActiveCfg = Debug|Any CPU
		{336B9DAB-D99A-499B-866E-8C816F79FC5A}.Debug|Any CPU.Build.0 = Debug|Any CPU
		{336B9DAB-D99A-499B-866E-8C816F79FC5A}.Release|Any CPU.ActiveCfg = Release|Any CPU
		{336B9DAB-D99A-499B-866E-8C816F79FC5A}.Release|Any CPU.Build.0 = Release|Any CPU
		{A309EAFC-7F20-458E-9ADA-0B1563CDF840}.Debug|Any CPU.ActiveCfg = Debug|Any CPU
		{A309EAFC-7F20-458E-9ADA-0B1563CDF840}.Debug|Any CPU.Build.0 = Debug|Any CPU
		{A309EAFC-7F20-458E-9ADA-0B1563CDF840}.Release|Any CPU.ActiveCfg = Release|Any CPU
		{A309EAFC-7F20-458E-9ADA-0B1563CDF840}.Release|Any CPU.Build.0 = Release|Any CPU
		{1D2C9EE5-CA18-46E7-8909-744E2D294239}.Debug|Any CPU.ActiveCfg = Debug|Any CPU
		{1D2C9EE5-CA18-46E7-8909-744E2D294239}.Debug|Any CPU.Build.0 = Debug|Any CPU
		{1D2C9EE5-CA18-46E7-8909-744E2D294239}.Release|Any CPU.ActiveCfg = Release|Any CPU
		{1D2C9EE5-CA18-46E7-8909-744E2D294239}.Release|Any CPU.Build.0 = Release|Any CPU
		{C71F64C2-08D9-4BBD-8CC5-353E8487E81F}.Debug|Any CPU.ActiveCfg = Debug|Any CPU
		{C71F64C2-08D9-4BBD-8CC5-353E8487E81F}.Debug|Any CPU.Build.0 = Debug|Any CPU
		{C71F64C2-08D9-4BBD-8CC5-353E8487E81F}.Release|Any CPU.ActiveCfg = Release|Any CPU
		{C71F64C2-08D9-4BBD-8CC5-353E8487E81F}.Release|Any CPU.Build.0 = Release|Any CPU
		{982E0B36-A633-418C-8D97-F0D48E89B650}.Debug|Any CPU.ActiveCfg = Debug|Any CPU
		{982E0B36-A633-418C-8D97-F0D48E89B650}.Debug|Any CPU.Build.0 = Debug|Any CPU
		{982E0B36-A633-418C-8D97-F0D48E89B650}.Release|Any CPU.ActiveCfg = Release|Any CPU
		{982E0B36-A633-418C-8D97-F0D48E89B650}.Release|Any CPU.Build.0 = Release|Any CPU
		{464F4A80-9034-47DA-AADA-928E09EA5B87}.Debug|Any CPU.ActiveCfg = Debug|Any CPU
		{464F4A80-9034-47DA-AADA-928E09EA5B87}.Debug|Any CPU.Build.0 = Debug|Any CPU
		{464F4A80-9034-47DA-AADA-928E09EA5B87}.Release|Any CPU.ActiveCfg = Release|Any CPU
		{464F4A80-9034-47DA-AADA-928E09EA5B87}.Release|Any CPU.Build.0 = Release|Any CPU
		{0457DDBE-EFBB-4A68-AFA2-6E781EA8CB31}.Debug|Any CPU.ActiveCfg = Debug|Any CPU
		{0457DDBE-EFBB-4A68-AFA2-6E781EA8CB31}.Debug|Any CPU.Build.0 = Debug|Any CPU
		{0457DDBE-EFBB-4A68-AFA2-6E781EA8CB31}.Release|Any CPU.ActiveCfg = Release|Any CPU
		{0457DDBE-EFBB-4A68-AFA2-6E781EA8CB31}.Release|Any CPU.Build.0 = Release|Any CPU
	EndGlobalSection
EndGlobal
