
Microsoft Visual Studio Solution File, Format Version 12.00
Project("{2150E333-8FDC-42A3-9474-1A3956D46DE8}") = "src", "src", "{A417A059-762A-45D4-B4E1-569AE01D4AA9}"
EndProject
Project("{FAE04EC0-301F-11D3-BF4B-00C04F79EFBC}") = "Api", "Api\Api.csproj", "{22FB082E-D122-46D6-9F14-093BFB3E2C3C}"
EndProject
Project("{FAE04EC0-301F-11D3-BF4B-00C04F79EFBC}") = "Application", "Application\Application.csproj", "{879853EC-41DF-4525-B8A1-955E2950C41D}"
EndProject
Project("{FAE04EC0-301F-11D3-BF4B-00C04F79EFBC}") = "Domain", "Domain\Domain.csproj", "{E74FC7AB-E7F5-4229-BB97-97393D3804CB}"
EndProject
Project("{FAE04EC0-301F-11D3-BF4B-00C04F79EFBC}") = "Infrastucture", "Infrastucture\Infrastucture.csproj", "{8F3247C4-A313-48AD-9204-36AD4A7234B4}"
EndProject
Project("{2150E333-8FDC-42A3-9474-1A3956D46DE8}") = "tests", "tests", "{A86F2598-E5E8-42E0-9198-EAE0A6D582D5}"
EndProject
Global
	GlobalSection(SolutionConfigurationPlatforms) = preSolution
		Debug|Any CPU = Debug|Any CPU
		Release|Any CPU = Release|Any CPU
	EndGlobalSection
	GlobalSection(NestedProjects) = preSolution
		{22FB082E-D122-46D6-9F14-093BFB3E2C3C} = {A417A059-762A-45D4-B4E1-569AE01D4AA9}
		{879853EC-41DF-4525-B8A1-955E2950C41D} = {A417A059-762A-45D4-B4E1-569AE01D4AA9}
		{E74FC7AB-E7F5-4229-BB97-97393D3804CB} = {A417A059-762A-45D4-B4E1-569AE01D4AA9}
		{8F3247C4-A313-48AD-9204-36AD4A7234B4} = {A417A059-762A-45D4-B4E1-569AE01D4AA9}
	EndGlobalSection
	GlobalSection(ProjectConfigurationPlatforms) = postSolution
		{22FB082E-D122-46D6-9F14-093BFB3E2C3C}.Debug|Any CPU.ActiveCfg = Debug|Any CPU
		{22FB082E-D122-46D6-9F14-093BFB3E2C3C}.Debug|Any CPU.Build.0 = Debug|Any CPU
		{22FB082E-D122-46D6-9F14-093BFB3E2C3C}.Release|Any CPU.ActiveCfg = Release|Any CPU
		{22FB082E-D122-46D6-9F14-093BFB3E2C3C}.Release|Any CPU.Build.0 = Release|Any CPU
		{879853EC-41DF-4525-B8A1-955E2950C41D}.Debug|Any CPU.ActiveCfg = Debug|Any CPU
		{879853EC-41DF-4525-B8A1-955E2950C41D}.Debug|Any CPU.Build.0 = Debug|Any CPU
		{879853EC-41DF-4525-B8A1-955E2950C41D}.Release|Any CPU.ActiveCfg = Release|Any CPU
		{879853EC-41DF-4525-B8A1-955E2950C41D}.Release|Any CPU.Build.0 = Release|Any CPU
		{E74FC7AB-E7F5-4229-BB97-97393D3804CB}.Debug|Any CPU.ActiveCfg = Debug|Any CPU
		{E74FC7AB-E7F5-4229-BB97-97393D3804CB}.Debug|Any CPU.Build.0 = Debug|Any CPU
		{E74FC7AB-E7F5-4229-BB97-97393D3804CB}.Release|Any CPU.ActiveCfg = Release|Any CPU
		{E74FC7AB-E7F5-4229-BB97-97393D3804CB}.Release|Any CPU.Build.0 = Release|Any CPU
		{8F3247C4-A313-48AD-9204-36AD4A7234B4}.Debug|Any CPU.ActiveCfg = Debug|Any CPU
		{8F3247C4-A313-48AD-9204-36AD4A7234B4}.Debug|Any CPU.Build.0 = Debug|Any CPU
		{8F3247C4-A313-48AD-9204-36AD4A7234B4}.Release|Any CPU.ActiveCfg = Release|Any CPU
		{8F3247C4-A313-48AD-9204-36AD4A7234B4}.Release|Any CPU.Build.0 = Release|Any CPU
	EndGlobalSection
EndGlobal
